
Microsoft Visual Studio Solution File, Format Version 12.00
# Visual Studio Version 17
VisualStudioVersion = 17.5.002.0
MinimumVisualStudioVersion = 10.0.40219.1
Project("{9A19103F-16F7-4668-BE54-9A1E7A4F7556}") = "TestProject", "TestProject.csproj", "{4C73F949-4C08-4408-A775-C6EC23B67109}"
EndProject
Global
	GlobalSection(SolutionConfigurationPlatforms) = preSolution
		Debug|Any CPU = Debug|Any CPU
		Release|Any CPU = Release|Any CPU
	EndGlobalSection
	GlobalSection(ProjectConfigurationPlatforms) = postSolution
		{4C73F949-4C08-4408-A775-C6EC23B67109}.Debug|Any CPU.ActiveCfg = Debug|Any CPU
		{4C73F949-4C08-4408-A775-C6EC23B67109}.Debug|Any CPU.Build.0 = Debug|Any CPU
		{4C73F949-4C08-4408-A775-C6EC23B67109}.Release|Any CPU.ActiveCfg = Release|Any CPU
		{4C73F949-4C08-4408-A775-C6EC23B67109}.Release|Any CPU.Build.0 = Release|Any CPU
	EndGlobalSection
	GlobalSection(SolutionProperties) = preSolution
		HideSolutionNode = FALSE
	EndGlobalSection
	GlobalSection(ExtensibilityGlobals) = postSolution
		SolutionGuid = {1B3D9273-C441-4BD0-9742-C420A5E5C67A}
	EndGlobalSection
EndGlobal
